# This file is generated by running "yarn install" inside your project.
# Manual changes might be lost - proceed with caution!

__metadata:
  version: 8
  cacheKey: 10

"nginx-whitelist@workspace:.":
  version: 0.0.0-use.local
  resolution: "nginx-whitelist@workspace:."
  dependencies:
    typescript: "npm:^5.5.3"
  languageName: unknown
  linkType: soft

"typescript@npm:^5.5.3":
  version: 5.5.3
  resolution: "typescript@npm:5.5.3"
  bin:
    tsc: bin/tsc
    tsserver: bin/tsserver
  checksum: 10/11a867312419ed497929aafd2f1d28b2cd41810a5eb6c6e9e169559112e9ea073d681c121a29102e67cd4478d0a4ae37a306a5800f3717f59c4337e6a9bd5e8d
  languageName: node
  linkType: hard

"typescript@patch:typescript@npm%3A^5.5.3#optional!builtin<compat/typescript>":
  version: 5.5.3
  resolution: "typescript@patch:typescript@npm%3A5.5.3#optional!builtin<compat/typescript>::version=5.5.3&hash=379a07"
  bin:
    tsc: bin/tsc
    tsserver: bin/tsserver
  checksum: 10/7cf7acb78a80f749b82842f2ffe01e90e7b3e709a6f4268588e0b7599c41dca1059be217f47778fe1a380bfaf60933021ef20d002c426d4d7745e1b36c11467b
  languageName: node
  linkType: hard
